
Microsoft Visual Studio Solution File, Format Version 12.00
# Visual Studio 15
VisualStudioVersion = 15.0.28307.645
MinimumVisualStudioVersion = 10.0.40219.1
Project("{8BC9CEB8-8B4A-11D0-8D11-00A0C91BC942}") = "GR_RGZ_var2", "GR_RGZ_var2\GR_RGZ_var2.vcxproj", "{E9C17C98-ADC7-4A77-8E12-83ABA9446497}"
EndProject
Global
	GlobalSection(SolutionConfigurationPlatforms) = preSolution
		Debug|x64 = Debug|x64
		Debug|x86 = Debug|x86
		Release|x64 = Release|x64
		Release|x86 = Release|x86
	EndGlobalSection
	GlobalSection(ProjectConfigurationPlatforms) = postSolution
		{E9C17C98-ADC7-4A77-8E12-83ABA9446497}.Debug|x64.ActiveCfg = Debug|x64
		{E9C17C98-ADC7-4A77-8E12-83ABA9446497}.Debug|x64.Build.0 = Debug|x64
		{E9C17C98-ADC7-4A77-8E12-83ABA9446497}.Debug|x86.ActiveCfg = Debug|Win32
		{E9C17C98-ADC7-4A77-8E12-83ABA9446497}.Debug|x86.Build.0 = Debug|Win32
		{E9C17C98-ADC7-4A77-8E12-83ABA9446497}.Release|x64.ActiveCfg = Release|x64
		{E9C17C98-ADC7-4A77-8E12-83ABA9446497}.Release|x64.Build.0 = Release|x64
		{E9C17C98-ADC7-4A77-8E12-83ABA9446497}.Release|x86.ActiveCfg = Release|Win32
		{E9C17C98-ADC7-4A77-8E12-83ABA9446497}.Release|x86.Build.0 = Release|Win32
	EndGlobalSection
	GlobalSection(SolutionProperties) = preSolution
		HideSolutionNode = FALSE
	EndGlobalSection
	GlobalSection(ExtensibilityGlobals) = postSolution
		SolutionGuid = {B170B423-ABC0-4533-BA23-C63C65BE9A35}
	EndGlobalSection
EndGlobal
